
Microsoft Visual Studio Solution File, Format Version 12.00
# Visual Studio Version 16
VisualStudioVersion = 16.0.30717.126
MinimumVisualStudioVersion = 10.0.40219.1
Project("{FAE04EC0-301F-11D3-BF4B-00C04F79EFBC}") = "VariablesAndDataTypes", "FirstApp\VariablesAndDataTypes.csproj", "{88C4D1B9-8011-4150-A3C4-F4D01E435318}"
EndProject
Project("{FAE04EC0-301F-11D3-BF4B-00C04F79EFBC}") = "DateTime", "DateTime\DateTime.csproj", "{AD9B6729-62E9-448E-9FDB-BBCE0D3994E2}"
EndProject
Project("{FAE04EC0-301F-11D3-BF4B-00C04F79EFBC}") = "ErrorTypes", "ErrorTypes\ErrorTypes.csproj", "{3879136B-F4EC-4416-8C43-2500714503F1}"
EndProject
Global
	GlobalSection(SolutionConfigurationPlatforms) = preSolution
		Debug|Any CPU = Debug|Any CPU
		Release|Any CPU = Release|Any CPU
	EndGlobalSection
	GlobalSection(ProjectConfigurationPlatforms) = postSolution
		{88C4D1B9-8011-4150-A3C4-F4D01E435318}.Debug|Any CPU.ActiveCfg = Debug|Any CPU
		{88C4D1B9-8011-4150-A3C4-F4D01E435318}.Debug|Any CPU.Build.0 = Debug|Any CPU
		{88C4D1B9-8011-4150-A3C4-F4D01E435318}.Release|Any CPU.ActiveCfg = Release|Any CPU
		{88C4D1B9-8011-4150-A3C4-F4D01E435318}.Release|Any CPU.Build.0 = Release|Any CPU
		{AD9B6729-62E9-448E-9FDB-BBCE0D3994E2}.Debug|Any CPU.ActiveCfg = Debug|Any CPU
		{AD9B6729-62E9-448E-9FDB-BBCE0D3994E2}.Debug|Any CPU.Build.0 = Debug|Any CPU
		{AD9B6729-62E9-448E-9FDB-BBCE0D3994E2}.Release|Any CPU.ActiveCfg = Release|Any CPU
		{AD9B6729-62E9-448E-9FDB-BBCE0D3994E2}.Release|Any CPU.Build.0 = Release|Any CPU
		{3879136B-F4EC-4416-8C43-2500714503F1}.Debug|Any CPU.ActiveCfg = Debug|Any CPU
		{3879136B-F4EC-4416-8C43-2500714503F1}.Debug|Any CPU.Build.0 = Debug|Any CPU
		{3879136B-F4EC-4416-8C43-2500714503F1}.Release|Any CPU.ActiveCfg = Release|Any CPU
		{3879136B-F4EC-4416-8C43-2500714503F1}.Release|Any CPU.Build.0 = Release|Any CPU
	EndGlobalSection
	GlobalSection(SolutionProperties) = preSolution
		HideSolutionNode = FALSE
	EndGlobalSection
	GlobalSection(ExtensibilityGlobals) = postSolution
		SolutionGuid = {3C1CDB15-CA28-4677-97D4-F01339229C52}
	EndGlobalSection
EndGlobal
