
Microsoft Visual Studio Solution File, Format Version 12.00
# Visual Studio Version 16
VisualStudioVersion = 16.0.30717.126
MinimumVisualStudioVersion = 10.0.40219.1
Project("{9A19103F-16F7-4668-BE54-9A1E7A4F7556}") = "HelloWorld", "HelloWorld\HelloWorld.csproj", "{154A8A0F-B1C3-43C9-AC36-2D604463E1C2}"
EndProject
Project("{9A19103F-16F7-4668-BE54-9A1E7A4F7556}") = "Variables", "Variables\Variables.csproj", "{C2EAACFA-D158-420A-8F6D-075082854F08}"
EndProject
Project("{9A19103F-16F7-4668-BE54-9A1E7A4F7556}") = "Enum", "Enum\Enum.csproj", "{149256F7-47FB-4C61-B7C3-86A17AE902F7}"
EndProject
Project("{9A19103F-16F7-4668-BE54-9A1E7A4F7556}") = "Operators", "Operators\Operators.csproj", "{9EFBEE1A-CD80-49FF-88C9-8F93CCB7F344}"
EndProject
Project("{9A19103F-16F7-4668-BE54-9A1E7A4F7556}") = "TypeConversion", "TypeConversion\TypeConversion.csproj", "{1666F206-F381-410B-B1B4-8439E338E4CD}"
EndProject
Project("{9A19103F-16F7-4668-BE54-9A1E7A4F7556}") = "Strings", "Strings\Strings.csproj", "{3462C313-52EA-40D4-905D-2C568A529CAC}"
EndProject
Project("{FAE04EC0-301F-11D3-BF4B-00C04F79EFBC}") = "Structs", "Structs\Structs.csproj", "{51023B5F-F1E3-4412-8A62-F7807D350404}"
EndProject
Global
	GlobalSection(SolutionConfigurationPlatforms) = preSolution
		Debug|Any CPU = Debug|Any CPU
		Release|Any CPU = Release|Any CPU
	EndGlobalSection
	GlobalSection(ProjectConfigurationPlatforms) = postSolution
		{154A8A0F-B1C3-43C9-AC36-2D604463E1C2}.Debug|Any CPU.ActiveCfg = Debug|Any CPU
		{154A8A0F-B1C3-43C9-AC36-2D604463E1C2}.Debug|Any CPU.Build.0 = Debug|Any CPU
		{154A8A0F-B1C3-43C9-AC36-2D604463E1C2}.Release|Any CPU.ActiveCfg = Release|Any CPU
		{154A8A0F-B1C3-43C9-AC36-2D604463E1C2}.Release|Any CPU.Build.0 = Release|Any CPU
		{C2EAACFA-D158-420A-8F6D-075082854F08}.Debug|Any CPU.ActiveCfg = Debug|Any CPU
		{C2EAACFA-D158-420A-8F6D-075082854F08}.Debug|Any CPU.Build.0 = Debug|Any CPU
		{C2EAACFA-D158-420A-8F6D-075082854F08}.Release|Any CPU.ActiveCfg = Release|Any CPU
		{C2EAACFA-D158-420A-8F6D-075082854F08}.Release|Any CPU.Build.0 = Release|Any CPU
		{149256F7-47FB-4C61-B7C3-86A17AE902F7}.Debug|Any CPU.ActiveCfg = Debug|Any CPU
		{149256F7-47FB-4C61-B7C3-86A17AE902F7}.Debug|Any CPU.Build.0 = Debug|Any CPU
		{149256F7-47FB-4C61-B7C3-86A17AE902F7}.Release|Any CPU.ActiveCfg = Release|Any CPU
		{149256F7-47FB-4C61-B7C3-86A17AE902F7}.Release|Any CPU.Build.0 = Release|Any CPU
		{9EFBEE1A-CD80-49FF-88C9-8F93CCB7F344}.Debug|Any CPU.ActiveCfg = Debug|Any CPU
		{9EFBEE1A-CD80-49FF-88C9-8F93CCB7F344}.Debug|Any CPU.Build.0 = Debug|Any CPU
		{9EFBEE1A-CD80-49FF-88C9-8F93CCB7F344}.Release|Any CPU.ActiveCfg = Release|Any CPU
		{9EFBEE1A-CD80-49FF-88C9-8F93CCB7F344}.Release|Any CPU.Build.0 = Release|Any CPU
		{1666F206-F381-410B-B1B4-8439E338E4CD}.Debug|Any CPU.ActiveCfg = Debug|Any CPU
		{1666F206-F381-410B-B1B4-8439E338E4CD}.Debug|Any CPU.Build.0 = Debug|Any CPU
		{1666F206-F381-410B-B1B4-8439E338E4CD}.Release|Any CPU.ActiveCfg = Release|Any CPU
		{1666F206-F381-410B-B1B4-8439E338E4CD}.Release|Any CPU.Build.0 = Release|Any CPU
		{3462C313-52EA-40D4-905D-2C568A529CAC}.Debug|Any CPU.ActiveCfg = Debug|Any CPU
		{3462C313-52EA-40D4-905D-2C568A529CAC}.Debug|Any CPU.Build.0 = Debug|Any CPU
		{3462C313-52EA-40D4-905D-2C568A529CAC}.Release|Any CPU.ActiveCfg = Release|Any CPU
		{3462C313-52EA-40D4-905D-2C568A529CAC}.Release|Any CPU.Build.0 = Release|Any CPU
		{51023B5F-F1E3-4412-8A62-F7807D350404}.Debug|Any CPU.ActiveCfg = Debug|Any CPU
		{51023B5F-F1E3-4412-8A62-F7807D350404}.Debug|Any CPU.Build.0 = Debug|Any CPU
		{51023B5F-F1E3-4412-8A62-F7807D350404}.Release|Any CPU.ActiveCfg = Release|Any CPU
		{51023B5F-F1E3-4412-8A62-F7807D350404}.Release|Any CPU.Build.0 = Release|Any CPU
	EndGlobalSection
	GlobalSection(SolutionProperties) = preSolution
		HideSolutionNode = FALSE
	EndGlobalSection
	GlobalSection(ExtensibilityGlobals) = postSolution
		SolutionGuid = {9B03FDFE-D5FA-4643-B400-572CBAFB50D2}
	EndGlobalSection
EndGlobal
